
Microsoft Visual Studio Solution File, Format Version 12.00
# Visual Studio 14
VisualStudioVersion = 14.0.25420.1
MinimumVisualStudioVersion = 10.0.40219.1
Project("{FAE04EC0-301F-11D3-BF4B-00C04F79EFBC}") = "Objectivity.AutoFixture.XUnit2.AutoNSubstitute", "Objectivity.AutoFixture.XUnit2.AutoNSubstitute\Objectivity.AutoFixture.XUnit2.AutoNSubstitute.csproj", "{9AEAFB2F-BBF0-4690-B269-AFF6265A9C71}"
EndProject
Project("{FAE04EC0-301F-11D3-BF4B-00C04F79EFBC}") = "Objectivity.AutoFixture.XUnit2.AutoNSubstitute.Tests", "Objectivity.AutoFixture.XUnit2.AutoNSubstitute.Tests\Objectivity.AutoFixture.XUnit2.AutoNSubstitute.Tests.csproj", "{A4A22ABF-A244-406C-8486-371EE628096E}"
EndProject
Project("{2150E333-8FDC-42A3-9474-1A3956D46DE8}") = "NSubstitute", "NSubstitute", "{82D00E81-1796-47E2-A5F5-FC743FD891CA}"
EndProject
Project("{FAE04EC0-301F-11D3-BF4B-00C04F79EFBC}") = "Objectivity.AutoFixture.XUnit2.AutoMocking.Core", "Objectivity.AutoFixture.XUnit2.AutoMocking.Core\Objectivity.AutoFixture.XUnit2.AutoMocking.Core.csproj", "{45FF7820-4C37-4672-8193-645FBA5EFB48}"
EndProject
Global
	GlobalSection(SolutionConfigurationPlatforms) = preSolution
		Debug|Any CPU = Debug|Any CPU
		Release|Any CPU = Release|Any CPU
	EndGlobalSection
	GlobalSection(ProjectConfigurationPlatforms) = postSolution
		{9AEAFB2F-BBF0-4690-B269-AFF6265A9C71}.Debug|Any CPU.ActiveCfg = Debug|Any CPU
		{9AEAFB2F-BBF0-4690-B269-AFF6265A9C71}.Debug|Any CPU.Build.0 = Debug|Any CPU
		{9AEAFB2F-BBF0-4690-B269-AFF6265A9C71}.Release|Any CPU.ActiveCfg = Release|Any CPU
		{9AEAFB2F-BBF0-4690-B269-AFF6265A9C71}.Release|Any CPU.Build.0 = Release|Any CPU
		{A4A22ABF-A244-406C-8486-371EE628096E}.Debug|Any CPU.ActiveCfg = Debug|Any CPU
		{A4A22ABF-A244-406C-8486-371EE628096E}.Debug|Any CPU.Build.0 = Debug|Any CPU
		{A4A22ABF-A244-406C-8486-371EE628096E}.Release|Any CPU.ActiveCfg = Release|Any CPU
		{A4A22ABF-A244-406C-8486-371EE628096E}.Release|Any CPU.Build.0 = Release|Any CPU
		{45FF7820-4C37-4672-8193-645FBA5EFB48}.Debug|Any CPU.ActiveCfg = Debug|Any CPU
		{45FF7820-4C37-4672-8193-645FBA5EFB48}.Debug|Any CPU.Build.0 = Debug|Any CPU
		{45FF7820-4C37-4672-8193-645FBA5EFB48}.Release|Any CPU.ActiveCfg = Release|Any CPU
		{45FF7820-4C37-4672-8193-645FBA5EFB48}.Release|Any CPU.Build.0 = Release|Any CPU
	EndGlobalSection
	GlobalSection(SolutionProperties) = preSolution
		HideSolutionNode = FALSE
	EndGlobalSection
	GlobalSection(NestedProjects) = preSolution
		{9AEAFB2F-BBF0-4690-B269-AFF6265A9C71} = {82D00E81-1796-47E2-A5F5-FC743FD891CA}
		{A4A22ABF-A244-406C-8486-371EE628096E} = {82D00E81-1796-47E2-A5F5-FC743FD891CA}
	EndGlobalSection
EndGlobal
